{
  "nodes": {
    "home-manager": {
      "inputs": {
        "nixpkgs": [
          "nixpkgs-stable"
        ]
      },
      "locked": {
        "lastModified": 1766980997,
        "narHash": "sha256-oegDNAvyQwaG3GqSi4U5jpKM7SYHGESGVIuKMRV/lbw=",
        "owner": "nix-community",
        "repo": "home-manager",
        "rev": "7a7b43c7231a439d248179ba8d561dd6cd81799b",
        "type": "github"
      },
      "original": {
        "owner": "nix-community",
        "ref": "master",
        "repo": "home-manager",
        "type": "github"
      }
    },
    "nix-index-database": {
      "inputs": {
        "nixpkgs": "nixpkgs"
      },
      "locked": {
        "lastModified": 1765267181,
        "narHash": "sha256-d3NBA9zEtBu2JFMnTBqWj7Tmi7R5OikoU2ycrdhQEws=",
        "owner": "nix-community",
        "repo": "nix-index-database",
        "rev": "82befcf7dc77c909b0f2a09f5da910ec95c5b78f",
        "type": "github"
      },
      "original": {
        "owner": "nix-community",
        "repo": "nix-index-database",
        "type": "github"
      }
    },
    "nixos-hardware": {
      "locked": {
        "lastModified": 1766568855,
        "narHash": "sha256-UXVtN77D7pzKmzOotFTStgZBqpOcf8cO95FcupWp4Zo=",
        "owner": "NixOS",
        "repo": "nixos-hardware",
        "rev": "c5db9569ac9cc70929c268ac461f4003e3e5ca80",
        "type": "github"
      },
      "original": {
        "owner": "NixOS",
        "ref": "master",
        "repo": "nixos-hardware",
        "type": "github"
      }
    },
    "nixpkgs": {
      "locked": {
        "lastModified": 1764950072,
        "narHash": "sha256-BmPWzogsG2GsXZtlT+MTcAWeDK5hkbGRZTeZNW42fwA=",
        "owner": "NixOS",
        "repo": "nixpkgs",
        "rev": "f61125a668a320878494449750330ca58b78c557",
        "type": "github"
      },
      "original": {
        "owner": "NixOS",
        "ref": "nixos-unstable",
        "repo": "nixpkgs",
        "type": "github"
      }
    },
    "nixpkgs-stable": {
      "locked": {
        "lastModified": 1766885793,
        "narHash": "sha256-P6RVkrM9JLCW6xBjSwHfgTOQ1JwBUma5xe5LI8xAPC0=",
        "owner": "NixOS",
        "repo": "nixpkgs",
        "rev": "9ef261221d1e72399f2036786498d78c38185c46",
        "type": "github"
      },
      "original": {
        "owner": "NixOS",
        "ref": "nixos-25.11",
        "repo": "nixpkgs",
        "type": "github"
      }
    },
    "nixpkgs-unstable-small": {
      "locked": {
        "lastModified": 1766985544,
        "narHash": "sha256-a1AdsFqh9aqRBxFGzhO5MLaKy/DPnVXgtHMEfddyG78=",
        "owner": "NixOS",
        "repo": "nixpkgs",
        "rev": "3636cabd15a9ce1a423fccf776fda52ede3668a6",
        "type": "github"
      },
      "original": {
        "owner": "NixOS",
        "ref": "nixos-unstable-small",
        "repo": "nixpkgs",
        "type": "github"
      }
    },
    "root": {
      "inputs": {
        "home-manager": "home-manager",
        "nix-index-database": "nix-index-database",
        "nixos-hardware": "nixos-hardware",
        "nixpkgs-stable": "nixpkgs-stable",
        "nixpkgs-unstable-small": "nixpkgs-unstable-small",
        "treefmt-nix": "treefmt-nix"
      }
    },
    "treefmt-nix": {
      "inputs": {
        "nixpkgs": [
          "nixpkgs-stable"
        ]
      },
      "locked": {
        "lastModified": 1766000401,
        "narHash": "sha256-+cqN4PJz9y0JQXfAK5J1drd0U05D5fcAGhzhfVrDlsI=",
        "owner": "numtide",
        "repo": "treefmt-nix",
        "rev": "42d96e75aa56a3f70cab7e7dc4a32868db28e8fd",
        "type": "github"
      },
      "original": {
        "owner": "numtide",
        "repo": "treefmt-nix",
        "type": "github"
      }
    }
  },
  "root": "root",
  "version": 7
}
